lockfileVersion: 5.4

importers:

  .:
    specifiers: {}

  ../../a:
    specifiers: {}

  ../../b:
    specifiers:
      a: 1.0.0
    dependencies:
      a: 1.0.0

packages:

  /a/1.0.0:
    resolution: {integrity: sha1-hKIB7jyOZSn/hKJxrYSeNe6zqfI=}
    hasBin: true
    dependencies:
      a_mock: 1.0.0
      a_test: 0.1.9
    dev: false

  /a_mock/1.0.0:
    resolution: {integrity: sha1-tBgUIjSHhyLJrhfeGKzTMYlFw+Q=}
    dependencies:
      deferred: 0.7.1
    dev: false

  /a_test/0.1.9:
    resolution: {integrity: sha1-un0EEKvB02q7wUd/iGMEKS9h4ck=}
    hasBin: true
    dev: false

  /d/0.1.1:
    resolution: {integrity: sha1-2hhMU10Y2O57oqoim5FACfrhEwk=}
    dependencies:
      es5-ext: 0.10.64
    dev: false

  /d/1.0.2:
    resolution: {integrity: sha1-Ku/VVLgZgefcz3LWhCrnJcsX5d4=}
    engines: {node: '>=0.12'}
    dependencies:
      es5-ext: 0.10.64
      type: 2.7.2
    dev: false

  /deferred/0.7.1:
    resolution: {integrity: sha1-9lzTwFaD899VS/XBU4UUlIEdAfQ=}
    dependencies:
      d: 0.1.1
      es5-ext: 0.10.64
      event-emitter: 0.3.5
      next-tick: 0.2.2
    dev: false

  /es5-ext/0.10.64:
    resolution: {integrity: sha1-EuT/tI8boup3fx/N0ZGO9z6iFxQ=}
    engines: {node: '>=0.10'}
    requiresBuild: true
    dependencies:
      es6-iterator: 2.0.3
      es6-symbol: 3.1.4
      esniff: 2.0.1
      next-tick: 1.1.0
    dev: false

  /es6-iterator/2.0.3:
    resolution: {integrity: sha1-p96IkUGgWpSwhUQDstCg+/qY87c=}
    dependencies:
      d: 1.0.2
      es5-ext: 0.10.64
      es6-symbol: 3.1.4
    dev: false

  /es6-symbol/3.1.4:
    resolution: {integrity: sha1-9OfSgBN3C0II7L8+C/FNO8tVe4w=}
    engines: {node: '>=0.12'}
    dependencies:
      d: 1.0.2
      ext: 1.7.0
    dev: false

  /esniff/2.0.1:
    resolution: {integrity: sha1-pNS0Olxxx+xRxRCYwdiikIH5swg=}
    engines: {node: '>=0.10'}
    dependencies:
      d: 1.0.2
      es5-ext: 0.10.64
      event-emitter: 0.3.5
      type: 2.7.2
    dev: false

  /event-emitter/0.3.5:
    resolution: {integrity: sha1-34xp7vFkeSPHFXuc6DhAYQsCzDk=}
    dependencies:
      d: 1.0.2
      es5-ext: 0.10.64
    dev: false

  /ext/1.7.0:
    resolution: {integrity: sha1-DqQ4PAED1g5wvpnpp/EQJ6M8T18=}
    dependencies:
      type: 2.7.2
    dev: false

  /next-tick/0.2.2:
    resolution: {integrity: sha1-ddpKkn7liH45BliABltzNkE7MQ0=}
    dev: false

  /next-tick/1.1.0:
    resolution: {integrity: sha1-GDbuMK1W1n7ygbIr0Zn3CUSbNes=}
    dev: false

  /type/2.7.2:
    resolution: {integrity: sha1-I3ahWjoose+g9TUNz3LSTfbvmNA=}
    dev: false
