{
  "requires": true,
  "lockfileVersion": 1,
  "dependencies": {
    "prettier": {
      "version": "2.2.1",
      "resolved": "https://onedrive.pkgs.visualstudio.com/_packaging/odsp-npm/npm/registry/prettier/-/prettier-2.2.1.tgz",
      "integrity": "sha1-eVoaeN1S8HPaDNQrIfnJE4GSP/U=",
      "dev": true
    }
  }
}
