lockfileVersion: '9.0'

settings:
  autoInstallPeers: true
  excludeLinksFromLockfile: false

importers:

  .:
    dependencies:
      '@rushstack/rush-published-versions-json-plugin':
        specifier: 0.1.15
        version: 0.1.15

packages:

  '@pnpm/lockfile.types@900.0.0':
    resolution: {integrity: sha1-r+ZWP2++XpHWqF3bg40QOViZjN0=, tarball: https://ms-feed-12.pkgs.visualstudio.com/1es-public/_packaging/npm-public/npm/registry/@pnpm/lockfile.types/-/lockfile.types-900.0.0.tgz}
    engines: {node: '>=18.12'}

  '@pnpm/patching.types@900.0.0':
    resolution: {integrity: sha1-orATANvm8Ur2BJkdc7XFPzSzAvY=, tarball: https://ms-feed-2.pkgs.visualstudio.com/1es-public/_packaging/npm-public/npm/registry/@pnpm/patching.types/-/patching.types-900.0.0.tgz}
    engines: {node: '>=18.12'}

  '@pnpm/types@900.0.0':
    resolution: {integrity: sha1-og6LnKAgZjsCLATRKM0Ve492oFo=, tarball: https://ms-feed-17.pkgs.visualstudio.com/1es-public/_packaging/npm-public/npm/registry/@pnpm/types/-/types-900.0.0.tgz}
    engines: {node: '>=18.12'}

  '@rushstack/credential-cache@0.2.21':
    resolution: {integrity: sha1-fGTHlklfvveDcQvIvB9ZD0KP+iU=, tarball: https://ms-feed-2.pkgs.visualstudio.com/1es-public/_packaging/npm-public/npm/registry/@rushstack/credential-cache/-/credential-cache-0.2.21.tgz}

  '@rushstack/lookup-by-path@0.10.10':
    resolution: {integrity: sha1-5Fn9mHfGIczYkiWZcVgRZ6D/r2U=, tarball: https://ms-feed-25.pkgs.visualstudio.com/1es-public/_packaging/npm-public/npm/registry/@rushstack/lookup-by-path/-/lookup-by-path-0.10.10.tgz}
    peerDependencies:
      '@types/node': '*'
    peerDependenciesMeta:
      '@types/node':
        optional: true

  '@rushstack/node-core-library@5.23.3':
    resolution: {integrity: sha1-UXOEogpIpjO0pGTDStXFVKVDIN0=, tarball: https://ms-feed-12.pkgs.visualstudio.com/1es-public/_packaging/npm-public/npm/registry/@rushstack/node-core-library/-/node-core-library-5.23.3.tgz}
    peerDependencies:
      '@types/node': '*'
    peerDependenciesMeta:
      '@types/node':
        optional: true

  '@rushstack/package-deps-hash@4.7.23':
    resolution: {integrity: sha1-iZX7F6jLXlEh6GT4Joxunj7GJuE=, tarball: https://ms-feed-2.pkgs.visualstudio.com/1es-public/_packaging/npm-public/npm/registry/@rushstack/package-deps-hash/-/package-deps-hash-4.7.23.tgz}

  '@rushstack/problem-matcher@0.2.1':
    resolution: {integrity: sha1-6fbKwt1qiC1g52qNRGK30ktPF+U=, tarball: https://ms-feed-2.pkgs.visualstudio.com/1es-public/_packaging/npm-public/npm/registry/@rushstack/problem-matcher/-/problem-matcher-0.2.1.tgz}
    peerDependencies:
      '@types/node': '*'
    peerDependenciesMeta:
      '@types/node':
        optional: true

  '@rushstack/rush-published-versions-json-plugin@0.1.15':
    resolution: {integrity: sha1-M6Obx7NFTzUMWS9JD0pHJwD9X88=, tarball: https://ms-feed-12.pkgs.visualstudio.com/1es-public/_packaging/npm-public/npm/registry/@rushstack/rush-published-versions-json-plugin/-/rush-published-versions-json-plugin-0.1.15.tgz}

  '@rushstack/rush-sdk@5.178.0':
    resolution: {integrity: sha1-4VMVxk7Pn1CFVOae1p+/9axIQh8=, tarball: https://ms-feed-2.pkgs.visualstudio.com/1es-public/_packaging/npm-public/npm/registry/@rushstack/rush-sdk/-/rush-sdk-5.178.0.tgz}

  '@rushstack/terminal@0.24.2':
    resolution: {integrity: sha1-lkrTn6heZmj8KrplL8sEK5YTRCU=, tarball: https://ms-feed-25.pkgs.visualstudio.com/1es-public/_packaging/npm-public/npm/registry/@rushstack/terminal/-/terminal-0.24.2.tgz}
    peerDependencies:
      '@types/node': '*'
    peerDependenciesMeta:
      '@types/node':
        optional: true

  ajv-draft-04@1.0.0:
    resolution: {integrity: sha1-O2R2GyaLoLnmaPC0G6U/zgrXf8g=, tarball: https://ms-feed-2.pkgs.visualstudio.com/1es-public/_packaging/npm-public/npm/registry/ajv-draft-04/-/ajv-draft-04-1.0.0.tgz}
    peerDependencies:
      ajv: ^8.5.0
    peerDependenciesMeta:
      ajv:
        optional: true

  ajv-formats@3.0.1:
    resolution: {integrity: sha1-PV3HYryhdnnDwup+kK1rdTIwlXg=, tarball: https://ms-feed-12.pkgs.visualstudio.com/1es-public/_packaging/npm-public/npm/registry/ajv-formats/-/ajv-formats-3.0.1.tgz}
    peerDependencies:
      ajv: ^8.0.0
    peerDependenciesMeta:
      ajv:
        optional: true

  ajv@8.20.0:
    resolution: {integrity: sha1-MEs2Nq3Yi6fZNnYN1Q7OAG3qlfk=, tarball: https://ms-feed-25.pkgs.visualstudio.com/1es-public/_packaging/npm-public/npm/registry/ajv/-/ajv-8.20.0.tgz}

  es-errors@1.3.0:
    resolution: {integrity: sha1-BfdaJdq5jk+x3NXhRywFRtUFfI8=, tarball: https://ms-feed-25.pkgs.visualstudio.com/1es-public/_packaging/npm-public/npm/registry/es-errors/-/es-errors-1.3.0.tgz}
    engines: {node: '>= 0.4'}

  fast-deep-equal@3.1.3:
    resolution: {integrity: sha1-On1WtVnWy8PrUSMlJE5hmmXGxSU=, tarball: https://ms-feed-2.pkgs.visualstudio.com/1es-public/_packaging/npm-public/npm/registry/fast-deep-equal/-/fast-deep-equal-3.1.3.tgz}

  fast-uri@3.1.5:
    resolution: {integrity: sha1-YQ83QZoDAnBDDOzWjXTj1NlnJdA=, tarball: https://ms-feed-17.pkgs.visualstudio.com/1es-public/_packaging/npm-public/npm/registry/fast-uri/-/fast-uri-3.1.5.tgz}

  fs-extra@11.3.6:
    resolution: {integrity: sha1-98uA6d9VDNHbb1N/pc3VaNPnDRA=, tarball: https://ms-feed-25.pkgs.visualstudio.com/1es-public/_packaging/npm-public/npm/registry/fs-extra/-/fs-extra-11.3.6.tgz}
    engines: {node: '>=14.14'}

  function-bind@1.1.2:
    resolution: {integrity: sha1-LALYZNl/PqbIgwxGTL0Rq26rehw=, tarball: https://ms-feed-17.pkgs.visualstudio.com/1es-public/_packaging/npm-public/npm/registry/function-bind/-/function-bind-1.1.2.tgz}

  graceful-fs@4.2.11:
    resolution: {integrity: sha1-QYPk6L8Iu24Fu7L30uDI9xLKQOM=, tarball: https://ms-feed-25.pkgs.visualstudio.com/1es-public/_packaging/npm-public/npm/registry/graceful-fs/-/graceful-fs-4.2.11.tgz}

  has-flag@4.0.0:
    resolution: {integrity: sha1-lEdx/ZyByBJlxNaUGGDaBrtZR5s=, tarball: https://ms-feed-17.pkgs.visualstudio.com/1es-public/_packaging/npm-public/npm/registry/has-flag/-/has-flag-4.0.0.tgz}
    engines: {node: '>=8'}

  hasown@2.0.4:
    resolution: {integrity: sha1-jGLYy5C+sqrV0KW2dYGtmFTD8AM=, tarball: https://ms-feed-2.pkgs.visualstudio.com/1es-public/_packaging/npm-public/npm/registry/hasown/-/hasown-2.0.4.tgz}
    engines: {node: '>= 0.4'}

  import-lazy@4.0.0:
    resolution: {integrity: sha1-6OtidIOgpD2jwD8+NVSL5csMwVM=, tarball: https://ms-feed-12.pkgs.visualstudio.com/1es-public/_packaging/npm-public/npm/registry/import-lazy/-/import-lazy-4.0.0.tgz}
    engines: {node: '>=8'}

  is-core-module@2.16.2:
    resolution: {integrity: sha1-PgdFCoCA684/vwysSU9NKrMk4II=, tarball: https://ms-feed-2.pkgs.visualstudio.com/1es-public/_packaging/npm-public/npm/registry/is-core-module/-/is-core-module-2.16.2.tgz}
    engines: {node: '>= 0.4'}

  jju@1.4.0:
    resolution: {integrity: sha1-o6vicYryQaKykE+EpiWXDzia4yo=, tarball: https://ms-feed-25.pkgs.visualstudio.com/1es-public/_packaging/npm-public/npm/registry/jju/-/jju-1.4.0.tgz}

  json-schema-traverse@1.0.0:
    resolution: {integrity: sha1-rnvLNlard6c7pcSb9lTzjmtoYOI=, tarball: https://ms-feed-17.pkgs.visualstudio.com/1es-public/_packaging/npm-public/npm/registry/json-schema-traverse/-/json-schema-traverse-1.0.0.tgz}

  jsonfile@6.2.1:
    resolution: {integrity: sha1-tuMXF/Isw3MwsIHOAFHtXeU68vY=, tarball: https://ms-feed-12.pkgs.visualstudio.com/1es-public/_packaging/npm-public/npm/registry/jsonfile/-/jsonfile-6.2.1.tgz}

  path-parse@1.0.7:
    resolution: {integrity: sha1-+8EUtgykKzDZ2vWFjkvWi77bZzU=, tarball: https://ms-feed-25.pkgs.visualstudio.com/1es-public/_packaging/npm-public/npm/registry/path-parse/-/path-parse-1.0.7.tgz}

  require-from-string@2.0.2:
    resolution: {integrity: sha1-iaf92TgmEmcxjq/hT5wy5ZjDaQk=, tarball: https://ms-feed-2.pkgs.visualstudio.com/1es-public/_packaging/npm-public/npm/registry/require-from-string/-/require-from-string-2.0.2.tgz}
    engines: {node: '>=0.10.0'}

  resolve@1.22.12:
    resolution: {integrity: sha1-9bKmgIl8acI4oTzRaxVnH4tzVJ8=, tarball: https://ms-feed-17.pkgs.visualstudio.com/1es-public/_packaging/npm-public/npm/registry/resolve/-/resolve-1.22.12.tgz}
    engines: {node: '>= 0.4'}
    hasBin: true

  semver@7.7.4:
    resolution: {integrity: sha1-KEZONgYOmR+noR0CedLT87V6foo=, tarball: https://ms-feed-2.pkgs.visualstudio.com/1es-public/_packaging/npm-public/npm/registry/semver/-/semver-7.7.4.tgz}
    engines: {node: '>=10'}
    hasBin: true

  supports-color@8.1.1:
    resolution: {integrity: sha1-zW/BfihQDP9WwbhsCn/UpUpzAFw=, tarball: https://ms-feed-2.pkgs.visualstudio.com/1es-public/_packaging/npm-public/npm/registry/supports-color/-/supports-color-8.1.1.tgz}
    engines: {node: '>=10'}

  supports-preserve-symlinks-flag@1.0.0:
    resolution: {integrity: sha1-btpL00SjyUrqN21MwxvHcxEDngk=, tarball: https://ms-feed-12.pkgs.visualstudio.com/1es-public/_packaging/npm-public/npm/registry/supports-preserve-symlinks-flag/-/supports-preserve-symlinks-flag-1.0.0.tgz}
    engines: {node: '>= 0.4'}

  tapable@2.2.1:
    resolution: {integrity: sha1-GWenPvQGCoLxKrlq+G1S/bdu7KA=, tarball: https://ms-feed-25.pkgs.visualstudio.com/1es-public/_packaging/npm-public/npm/registry/tapable/-/tapable-2.2.1.tgz}
    engines: {node: '>=6'}

  universalify@2.0.1:
    resolution: {integrity: sha1-Fo78IYCWTmOG0GHglN9hr+I5sY0=, tarball: https://ms-feed-25.pkgs.visualstudio.com/1es-public/_packaging/npm-public/npm/registry/universalify/-/universalify-2.0.1.tgz}
    engines: {node: '>= 10.0.0'}

snapshots:

  '@pnpm/lockfile.types@900.0.0':
    dependencies:
      '@pnpm/patching.types': 900.0.0
      '@pnpm/types': 900.0.0

  '@pnpm/patching.types@900.0.0': {}

  '@pnpm/types@900.0.0': {}

  '@rushstack/credential-cache@0.2.21':
    dependencies:
      '@rushstack/node-core-library': 5.23.3
    transitivePeerDependencies:
      - '@types/node'

  '@rushstack/lookup-by-path@0.10.10': {}

  '@rushstack/node-core-library@5.23.3':
    dependencies:
      ajv: 8.20.0
      ajv-draft-04: 1.0.0(ajv@8.20.0)
      ajv-formats: 3.0.1(ajv@8.20.0)
      fs-extra: 11.3.6
      import-lazy: 4.0.0
      jju: 1.4.0
      resolve: 1.22.12
      semver: 7.7.4

  '@rushstack/package-deps-hash@4.7.23':
    dependencies:
      '@rushstack/node-core-library': 5.23.3
    transitivePeerDependencies:
      - '@types/node'

  '@rushstack/problem-matcher@0.2.1': {}

  '@rushstack/rush-published-versions-json-plugin@0.1.15':
    dependencies:
      '@rushstack/node-core-library': 5.23.3
      '@rushstack/rush-sdk': 5.178.0
      '@rushstack/terminal': 0.24.2
    transitivePeerDependencies:
      - '@types/node'

  '@rushstack/rush-sdk@5.178.0':
    dependencies:
      '@pnpm/lockfile.types-900': '@pnpm/lockfile.types@900.0.0'
      '@rushstack/credential-cache': 0.2.21
      '@rushstack/lookup-by-path': 0.10.10
      '@rushstack/node-core-library': 5.23.3
      '@rushstack/package-deps-hash': 4.7.23
      '@rushstack/terminal': 0.24.2
      tapable: 2.2.1
    transitivePeerDependencies:
      - '@types/node'

  '@rushstack/terminal@0.24.2':
    dependencies:
      '@rushstack/node-core-library': 5.23.3
      '@rushstack/problem-matcher': 0.2.1
      supports-color: 8.1.1

  ajv-draft-04@1.0.0(ajv@8.20.0):
    optionalDependencies:
      ajv: 8.20.0

  ajv-formats@3.0.1(ajv@8.20.0):
    optionalDependencies:
      ajv: 8.20.0

  ajv@8.20.0:
    dependencies:
      fast-deep-equal: 3.1.3
      fast-uri: 3.1.5
      json-schema-traverse: 1.0.0
      require-from-string: 2.0.2

  es-errors@1.3.0: {}

  fast-deep-equal@3.1.3: {}

  fast-uri@3.1.5: {}

  fs-extra@11.3.6:
    dependencies:
      graceful-fs: 4.2.11
      jsonfile: 6.2.1
      universalify: 2.0.1

  function-bind@1.1.2: {}

  graceful-fs@4.2.11: {}

  has-flag@4.0.0: {}

  hasown@2.0.4:
    dependencies:
      function-bind: 1.1.2

  import-lazy@4.0.0: {}

  is-core-module@2.16.2:
    dependencies:
      hasown: 2.0.4

  jju@1.4.0: {}

  json-schema-traverse@1.0.0: {}

  jsonfile@6.2.1:
    dependencies:
      universalify: 2.0.1
    optionalDependencies:
      graceful-fs: 4.2.11

  path-parse@1.0.7: {}

  require-from-string@2.0.2: {}

  resolve@1.22.12:
    dependencies:
      es-errors: 1.3.0
      is-core-module: 2.16.2
      path-parse: 1.0.7
      supports-preserve-symlinks-flag: 1.0.0

  semver@7.7.4: {}

  supports-color@8.1.1:
    dependencies:
      has-flag: 4.0.0

  supports-preserve-symlinks-flag@1.0.0: {}

  tapable@2.2.1: {}

  universalify@2.0.1: {}
