lockfileVersion: '9.0'

settings:
  autoInstallPeers: true
  excludeLinksFromLockfile: false

importers:

  .:
    dependencies:
      '@rushstack/rush-published-versions-json-plugin':
        specifier: 0.1.0
        version: 0.1.0

packages:

  '@pnpm/lockfile.types@900.0.0':
    resolution: {integrity: sha512-/4+3CAu4uIjx0ln1DYXNdj0qKJ3wyRDY+RS+eFzV6OHjreaTKWsF2WcjigYp1M5mxL4kj2RsRGgBGEyKtCfEWg==}
    engines: {node: '>=18.12'}

  '@pnpm/patching.types@900.0.0':
    resolution: {integrity: sha512-A/3kgRD4Xy2tBMPjOBdx5ZdgmpUobphzWkqDB72S5SIB6gdyCg32AUV0/aO12DwMxpT7kyqMhkkynUOPBfdlUQ==}
    engines: {node: '>=18.12'}

  '@pnpm/types@900.0.0':
    resolution: {integrity: sha512-GucC9h/EVbU03Kl7M/FqVes1s5RCQaGCW2f41lFA7VqqHWQElR6k1q33iF6f6fXDUSCdzB1IUxSq9ghP2J+8Pw==}
    engines: {node: '>=18.12'}

  '@rushstack/credential-cache@0.2.7':
    resolution: {integrity: sha512-5vYUGreyf0ZvQ5lLFsQHLbJe1//hBZeI8G7BMoyDaLt4/uegfHNTmiXgYNXDQaqpnM9ImHyXSuOS/DrcbM3aMA==}

  '@rushstack/lookup-by-path@0.9.7':
    resolution: {integrity: sha512-wlyXv5n0scQF7DEcv4KcFxsoVbSLXfZhVvS91S6gc6fOWpLoqIzSGANY9yIQtQpyJqrr0vwLUppa+zv/CB4sYw==}
    peerDependencies:
      '@types/node': '*'
    peerDependenciesMeta:
      '@types/node':
        optional: true

  '@rushstack/node-core-library@5.20.3':
    resolution: {integrity: sha512-95JgEPq2k7tHxhF9/OJnnyHDXfC9cLhhta0An/6MlkDsX2A6dTzDrTUG18vx4vjc280V0fi0xDH9iQczpSuWsw==}
    peerDependencies:
      '@types/node': '*'
    peerDependenciesMeta:
      '@types/node':
        optional: true

  '@rushstack/package-deps-hash@4.7.7':
    resolution: {integrity: sha512-nj7wspFmch+SmPr6RT46zO9aKGD6IjVBP8z3JMmiiJq5p7WgNyqEENOBWGZ42Hwpav9qjj9hWxMggHJiwLg3mA==}

  '@rushstack/problem-matcher@0.2.1':
    resolution: {integrity: sha512-gulfhBs6n+I5b7DvjKRfhMGyUejtSgOHTclF/eONr8hcgF1APEDjhxIsfdUYYMzC3rvLwGluqLjbwCFZ8nxrog==}
    peerDependencies:
      '@types/node': '*'
    peerDependenciesMeta:
      '@types/node':
        optional: true

  '@rushstack/rush-published-versions-json-plugin@0.1.0':
    resolution: {integrity: sha512-LS3U3ChGkS+6zRknmz4DT8LjegPBRFLs8pM2D3+s5fOn8bPxAiAVRtIfpkde02HSXyNf7h9RV8xn8Z13gBF54w==}

  '@rushstack/rush-sdk@5.172.0':
    resolution: {integrity: sha512-SC5txCn1pFKfY2ozXSvppM9YViETmqUwRb0cpwhzKs5BqMDT5YcQHPwHySRjmzGaTEkHLT2VuTJ5iuJ2dpJzNQ==}

  '@rushstack/terminal@0.22.3':
    resolution: {integrity: sha512-gHC9pIMrUPzAbBiI4VZMU7Q+rsCzb8hJl36lFIulIzoceKotyKL3Rd76AZ2CryCTKEg+0bnTj406HE5YY5OQvw==}
    peerDependencies:
      '@types/node': '*'
    peerDependenciesMeta:
      '@types/node':
        optional: true

  ajv-draft-04@1.0.0:
    resolution: {integrity: sha512-mv00Te6nmYbRp5DCwclxtt7yV/joXJPGS7nM+97GdxvuttCOfgI3K4U25zboyeX0O+myI8ERluxQe5wljMmVIw==}
    peerDependencies:
      ajv: ^8.5.0
    peerDependenciesMeta:
      ajv:
        optional: true

  ajv-formats@3.0.1:
    resolution: {integrity: sha512-8iUql50EUR+uUcdRQ3HDqa6EVyo3docL8g5WJ3FNcWmu62IbkGUue/pEyLBW8VGKKucTPgqeks4fIU1DA4yowQ==}
    peerDependencies:
      ajv: ^8.0.0
    peerDependenciesMeta:
      ajv:
        optional: true

  ajv@8.18.0:
    resolution: {integrity: sha512-PlXPeEWMXMZ7sPYOHqmDyCJzcfNrUr3fGNKtezX14ykXOEIvyK81d+qydx89KY5O71FKMPaQ2vBfBFI5NHR63A==}

  fast-deep-equal@3.1.3:
    resolution: {integrity: sha512-f3qQ9oQy9j2AhBe/H9VC91wLmKBCCU/gDOnKNAYG5hswO7BLKj09Hc5HYNz9cGI++xlpDCIgDaitVs03ATR84Q==}

  fast-uri@3.1.0:
    resolution: {integrity: sha512-iPeeDKJSWf4IEOasVVrknXpaBV0IApz/gp7S2bb7Z4Lljbl2MGJRqInZiUrQwV16cpzw/D3S5j5Julj/gT52AA==}

  fs-extra@11.3.4:
    resolution: {integrity: sha512-CTXd6rk/M3/ULNQj8FBqBWHYBVYybQ3VPBw0xGKFe3tuH7ytT6ACnvzpIQ3UZtB8yvUKC2cXn1a+x+5EVQLovA==}
    engines: {node: '>=14.14'}

  function-bind@1.1.2:
    resolution: {integrity: sha512-7XHNxH7qX9xG5mIwxkhumTox/MIRNcOgDrxWsMt2pAr23WHp6MrRlN7FBSFpCpr+oVO0F744iUgR82nJMfG2SA==}

  graceful-fs@4.2.11:
    resolution: {integrity: sha512-RbJ5/jmFcNNCcDV5o9eTnBLJ/HszWV0P73bc+Ff4nS/rJj+YaS6IGyiOL0VoBYX+l1Wrl3k63h/KrH+nhJ0XvQ==}

  has-flag@4.0.0:
    resolution: {integrity: sha512-EykJT/Q1KjTWctppgIAgfSO0tKVuZUjhgMr17kqTumMl6Afv3EISleU7qZUzoXDFTAHTDC4NOoG/ZxU3EvlMPQ==}
    engines: {node: '>=8'}

  hasown@2.0.2:
    resolution: {integrity: sha512-0hJU9SCPvmMzIBdZFqNPXWa6dqh7WdH0cII9y+CyS8rG3nL48Bclra9HmKhVVUHyPWNH5Y7xDwAB7bfgSjkUMQ==}
    engines: {node: '>= 0.4'}

  import-lazy@4.0.0:
    resolution: {integrity: sha512-rKtvo6a868b5Hu3heneU+L4yEQ4jYKLtjpnPeUdK7h0yzXGmyBTypknlkCvHFBqfX9YlorEiMM6Dnq/5atfHkw==}
    engines: {node: '>=8'}

  is-core-module@2.16.1:
    resolution: {integrity: sha512-UfoeMA6fIJ8wTYFEUjelnaGI67v6+N7qXJEvQuIGa99l4xsCruSYOVSQ0uPANn4dAzm8lkYPaKLrrijLq7x23w==}
    engines: {node: '>= 0.4'}

  jju@1.4.0:
    resolution: {integrity: sha512-8wb9Yw966OSxApiCt0K3yNJL8pnNeIv+OEq2YMidz4FKP6nonSRoOXc80iXY4JaN2FC11B9qsNmDsm+ZOfMROA==}

  json-schema-traverse@1.0.0:
    resolution: {integrity: sha512-NM8/P9n3XjXhIZn1lLhkFaACTOURQXjWhV4BA/RnOv8xvgqtqpAX9IO4mRQxSx1Rlo4tqzeqb0sOlruaOy3dug==}

  jsonfile@6.2.0:
    resolution: {integrity: sha512-FGuPw30AdOIUTRMC2OMRtQV+jkVj2cfPqSeWXv1NEAJ1qZ5zb1X6z1mFhbfOB/iy3ssJCD+3KuZ8r8C3uVFlAg==}

  lru-cache@6.0.0:
    resolution: {integrity: sha512-Jo6dJ04CmSjuznwJSS3pUeWmd/H0ffTlkXXgwZi+eq1UCmqQwCh+eLsYOYCwY991i2Fah4h1BEMCx4qThGbsiA==}
    engines: {node: '>=10'}

  path-parse@1.0.7:
    resolution: {integrity: sha512-LDJzPVEEEPR+y48z93A0Ed0yXb8pAByGWo/k5YYdYgpY2/2EsOsksJrq7lOHxryrVOn1ejG6oAp8ahvOIQD8sw==}

  require-from-string@2.0.2:
    resolution: {integrity: sha512-Xf0nWe6RseziFMu+Ap9biiUbmplq6S9/p+7w7YXP/JBHhrUDDUhwa+vANyubuqfZWTveU//DYVGsDG7RKL/vEw==}
    engines: {node: '>=0.10.0'}

  resolve@1.22.11:
    resolution: {integrity: sha512-RfqAvLnMl313r7c9oclB1HhUEAezcpLjz95wFH4LVuhk9JF/r22qmVP9AMmOU4vMX7Q8pN8jwNg/CSpdFnMjTQ==}
    engines: {node: '>= 0.4'}
    hasBin: true

  semver@7.5.4:
    resolution: {integrity: sha512-1bCSESV6Pv+i21Hvpxp3Dx+pSD8lIPt8uVjRrxAUt/nbswYc+tK6Y2btiULjd4+fnq15PX+nqQDC7Oft7WkwcA==}
    engines: {node: '>=10'}
    hasBin: true

  supports-color@8.1.1:
    resolution: {integrity: sha512-MpUEN2OodtUzxvKQl72cUF7RQ5EiHsGvSsVG0ia9c5RbWGL2CI4C7EpPS8UTBIplnlzZiNuV56w+FuNxy3ty2Q==}
    engines: {node: '>=10'}

  supports-preserve-symlinks-flag@1.0.0:
    resolution: {integrity: sha512-ot0WnXS9fgdkgIcePe6RHNk1WA8+muPa6cSjeR3V8K27q9BB1rTE3R1p7Hv0z1ZyAc8s6Vvv8DIyWf681MAt0w==}
    engines: {node: '>= 0.4'}

  tapable@2.2.1:
    resolution: {integrity: sha512-GNzQvQTOIP6RyTfE2Qxb8ZVlNmw0n88vp1szwWRimP02mnTsx3Wtn5qRdqY9w2XduFNUgvOwhNnQsjwCp+kqaQ==}
    engines: {node: '>=6'}

  universalify@2.0.1:
    resolution: {integrity: sha512-gptHNQghINnc/vTGIk0SOFGFNXw7JVrlRUtConJRlvaw6DuX0wO5Jeko9sWrMBhh+PsYAZ7oXAiOnf/UKogyiw==}
    engines: {node: '>= 10.0.0'}

  yallist@4.0.0:
    resolution: {integrity: sha512-3wdGidZyq5PB084XLES5TpOSRA3wjXAlIWMhum2kRcv/41Sn2emQ0dycQW4uZXLejwKvg6EsvbdlVL+FYEct7A==}

snapshots:

  '@pnpm/lockfile.types@900.0.0':
    dependencies:
      '@pnpm/patching.types': 900.0.0
      '@pnpm/types': 900.0.0

  '@pnpm/patching.types@900.0.0': {}

  '@pnpm/types@900.0.0': {}

  '@rushstack/credential-cache@0.2.7':
    dependencies:
      '@rushstack/node-core-library': 5.20.3
    transitivePeerDependencies:
      - '@types/node'

  '@rushstack/lookup-by-path@0.9.7': {}

  '@rushstack/node-core-library@5.20.3':
    dependencies:
      ajv: 8.18.0
      ajv-draft-04: 1.0.0(ajv@8.18.0)
      ajv-formats: 3.0.1(ajv@8.18.0)
      fs-extra: 11.3.4
      import-lazy: 4.0.0
      jju: 1.4.0
      resolve: 1.22.11
      semver: 7.5.4

  '@rushstack/package-deps-hash@4.7.7':
    dependencies:
      '@rushstack/node-core-library': 5.20.3
    transitivePeerDependencies:
      - '@types/node'

  '@rushstack/problem-matcher@0.2.1': {}

  '@rushstack/rush-published-versions-json-plugin@0.1.0':
    dependencies:
      '@rushstack/node-core-library': 5.20.3
      '@rushstack/rush-sdk': 5.172.0
      '@rushstack/terminal': 0.22.3
    transitivePeerDependencies:
      - '@types/node'

  '@rushstack/rush-sdk@5.172.0':
    dependencies:
      '@pnpm/lockfile.types-900': '@pnpm/lockfile.types@900.0.0'
      '@rushstack/credential-cache': 0.2.7
      '@rushstack/lookup-by-path': 0.9.7
      '@rushstack/node-core-library': 5.20.3
      '@rushstack/package-deps-hash': 4.7.7
      '@rushstack/terminal': 0.22.3
      tapable: 2.2.1
    transitivePeerDependencies:
      - '@types/node'

  '@rushstack/terminal@0.22.3':
    dependencies:
      '@rushstack/node-core-library': 5.20.3
      '@rushstack/problem-matcher': 0.2.1
      supports-color: 8.1.1

  ajv-draft-04@1.0.0(ajv@8.18.0):
    optionalDependencies:
      ajv: 8.18.0

  ajv-formats@3.0.1(ajv@8.18.0):
    optionalDependencies:
      ajv: 8.18.0

  ajv@8.18.0:
    dependencies:
      fast-deep-equal: 3.1.3
      fast-uri: 3.1.0
      json-schema-traverse: 1.0.0
      require-from-string: 2.0.2

  fast-deep-equal@3.1.3: {}

  fast-uri@3.1.0: {}

  fs-extra@11.3.4:
    dependencies:
      graceful-fs: 4.2.11
      jsonfile: 6.2.0
      universalify: 2.0.1

  function-bind@1.1.2: {}

  graceful-fs@4.2.11: {}

  has-flag@4.0.0: {}

  hasown@2.0.2:
    dependencies:
      function-bind: 1.1.2

  import-lazy@4.0.0: {}

  is-core-module@2.16.1:
    dependencies:
      hasown: 2.0.2

  jju@1.4.0: {}

  json-schema-traverse@1.0.0: {}

  jsonfile@6.2.0:
    dependencies:
      universalify: 2.0.1
    optionalDependencies:
      graceful-fs: 4.2.11

  lru-cache@6.0.0:
    dependencies:
      yallist: 4.0.0

  path-parse@1.0.7: {}

  require-from-string@2.0.2: {}

  resolve@1.22.11:
    dependencies:
      is-core-module: 2.16.1
      path-parse: 1.0.7
      supports-preserve-symlinks-flag: 1.0.0

  semver@7.5.4:
    dependencies:
      lru-cache: 6.0.0

  supports-color@8.1.1:
    dependencies:
      has-flag: 4.0.0

  supports-preserve-symlinks-flag@1.0.0: {}

  tapable@2.2.1: {}

  universalify@2.0.1: {}

  yallist@4.0.0: {}
