lockfileVersion: '6.0'

settings:
  autoInstallPeers: true
  excludeLinksFromLockfile: false

dependencies:
  '@rushstack/rush-buildxl-graph-plugin-local':
    specifier: link:../../../rush-plugins/rush-buildxl-graph-plugin/local-testing-wrapper
    version: link:../../../rush-plugins/rush-buildxl-graph-plugin/local-testing-wrapper
