dependencies:
  '@rush-temp/project1': 'file:projects/project1.tgz'
  '@rush-temp/project2': 'file:projects/project2.tgz'
  '@rush-temp/project3': 'file:projects/project3.tgz_462eaf34881863298955eb323c130fc7'
packages:
  /jquery/1.0.0:
    resolution:
      integrity: sha1-PjAtxh6zKaIenvrJN9cx8GETTFk=
  /jquery/2.9.9:
    resolution:
      integrity: sha1-PjAtxh6zKaIenvrJN9cx8GETTFk=
  /q/1.5.3:
    resolution:
      integrity: sha1-3QG6ydBtMObyGa7LglPunr3DCPE=
  /left-pad/9.9.9:
    resolution:
      integrity: sha1-3QG6ydBtMObyGa7LglPunr3DCPE=
  example.pkgs.visualstudio.com/@scope/testDep/1.0.0:
    resolution:
      integrity: sha1-3QG6ydBtMObyGa7LglPunr3DCPE=
  'file:projects/project1.tgz':
    dependencies:
      jquery: 2.9.9
  'file:projects/project2.tgz':
    dependencies:
      q: 1.5.3
      jquery: 1.0.0
  'file:projects/project3.tgz_462eaf34881863298955eb323c130fc7':
    dependencies:
      q: 1.5.3
      '@scope/testDep': example.pkgs.visualstudio.com/@scope/testDep/1.0.0
registry: 'http://localhost:4873/'
lockfileVersion: 5
specifiers:
  '@rush-temp/project1': 'file:./projects/project1.tgz'
  '@rush-temp/project2': 'file:./projects/project2.tgz'
  '@rush-temp/project3': 'file:./projects/project3.tgz'
  q: '~1.5.0'
